
Microsoft Visual Studio Solution File, Format Version 12.00
# Visual Studio Version 16
VisualStudioVersion = 16.0.30320.27
MinimumVisualStudioVersion = 10.0.40219.1
Project("{2150E333-8FDC-42A3-9474-1A3956D46DE8}") = ".nuget", ".nuget", "{758D4EE4-1635-4EBC-ADE2-A3206FBAFDDB}"
	ProjectSection(SolutionItems) = preProject
		.nuget\NuGet.Config = .nuget\NuGet.Config
		.nuget\NuGet.exe = .nuget\NuGet.exe
		.nuget\NuGet.targets = .nuget\NuGet.targets
	EndProjectSection
EndProject
Project("{FAE04EC0-301F-11D3-BF4B-00C04F79EFBC}") = "XProject.Domain", "XProject.Domain\XProject.Domain.csproj", "{0A88B25A-3F62-4323-99DB-45BF6224D477}"
EndProject
Project("{FAE04EC0-301F-11D3-BF4B-00C04F79EFBC}") = "XProject.Web", "XProject.Web\XProject.Web.csproj", "{04A38B74-1AA3-45CD-819B-BDE1BB41BD99}"
EndProject
Project("{FAE04EC0-301F-11D3-BF4B-00C04F79EFBC}") = "HtmlOptimizerMvc4", "HtmlOptimizerMvc4\HtmlOptimizerMvc4.csproj", "{263D721C-C33D-4283-8610-565383893E9C}"
EndProject
Global
	GlobalSection(SolutionConfigurationPlatforms) = preSolution
		Debug|Any CPU = Debug|Any CPU
		Release|Any CPU = Release|Any CPU
	EndGlobalSection
	GlobalSection(ProjectConfigurationPlatforms) = postSolution
		{0A88B25A-3F62-4323-99DB-45BF6224D477}.Debug|Any CPU.ActiveCfg = Debug|Any CPU
		{0A88B25A-3F62-4323-99DB-45BF6224D477}.Debug|Any CPU.Build.0 = Debug|Any CPU
		{0A88B25A-3F62-4323-99DB-45BF6224D477}.Release|Any CPU.ActiveCfg = Release|Any CPU
		{0A88B25A-3F62-4323-99DB-45BF6224D477}.Release|Any CPU.Build.0 = Release|Any CPU
		{04A38B74-1AA3-45CD-819B-BDE1BB41BD99}.Debug|Any CPU.ActiveCfg = Debug|Any CPU
		{04A38B74-1AA3-45CD-819B-BDE1BB41BD99}.Debug|Any CPU.Build.0 = Debug|Any CPU
		{04A38B74-1AA3-45CD-819B-BDE1BB41BD99}.Release|Any CPU.ActiveCfg = Release|Any CPU
		{04A38B74-1AA3-45CD-819B-BDE1BB41BD99}.Release|Any CPU.Build.0 = Release|Any CPU
		{263D721C-C33D-4283-8610-565383893E9C}.Debug|Any CPU.ActiveCfg = Debug|Any CPU
		{263D721C-C33D-4283-8610-565383893E9C}.Debug|Any CPU.Build.0 = Debug|Any CPU
		{263D721C-C33D-4283-8610-565383893E9C}.Release|Any CPU.ActiveCfg = Release|Any CPU
		{263D721C-C33D-4283-8610-565383893E9C}.Release|Any CPU.Build.0 = Release|Any CPU
	EndGlobalSection
	GlobalSection(SolutionProperties) = preSolution
		HideSolutionNode = FALSE
	EndGlobalSection
	GlobalSection(ExtensibilityGlobals) = postSolution
		SolutionGuid = {2D03BEE1-D063-4251-B514-2FCBACD22322}
	EndGlobalSection
EndGlobal
